{
  "name": "@godspeedai/neatcode",
  "version": "1.2.0",
  "lockfileVersion": 3,
  "requires": true,
  "packages": {
    "": {
      "name": "@godspeedai/neatcode",
      "version": "1.2.0",
      "license": "MIT",
      "bin": {
        "neatcode": "bin/neatcode.mjs"
      },
      "engines": {
        "node": ">=20"
      }
    }
  }
}
